
Microsoft Visual Studio Solution File, Format Version 12.00
# Visual Studio Version 17
VisualStudioVersion = 17.3.32819.101
MinimumVisualStudioVersion = 10.0.40219.1
Project("{FAE04EC0-301F-11D3-BF4B-00C04F79EFBC}") = "TraversalCoreProje", "TraversalCoreProje\TraversalCoreProje.csproj", "{2FA41182-425A-4B62-8700-45DB6FCFC1CD}"
EndProject
Project("{FAE04EC0-301F-11D3-BF4B-00C04F79EFBC}") = "EntityLayer", "EntityLayer\EntityLayer.csproj", "{50667980-4C95-454F-A12F-B15A048A47C2}"
EndProject
Project("{FAE04EC0-301F-11D3-BF4B-00C04F79EFBC}") = "DataAccessLayer", "DataAccessLayer\DataAccessLayer.csproj", "{CCFBC508-16A4-460C-83EA-0FD5F58AD0D4}"
EndProject
Project("{FAE04EC0-301F-11D3-BF4B-00C04F79EFBC}") = "BusinessLayer", "BusinessLayer\BusinessLayer.csproj", "{2BBAE546-8122-401F-B72D-16C512C97C75}"
EndProject
Global
	GlobalSection(SolutionConfigurationPlatforms) = preSolution
		Debug|Any CPU = Debug|Any CPU
		Release|Any CPU = Release|Any CPU
	EndGlobalSection
	GlobalSection(ProjectConfigurationPlatforms) = postSolution
		{2FA41182-425A-4B62-8700-45DB6FCFC1CD}.Debug|Any CPU.ActiveCfg = Debug|Any CPU
		{2FA41182-425A-4B62-8700-45DB6FCFC1CD}.Debug|Any CPU.Build.0 = Debug|Any CPU
		{2FA41182-425A-4B62-8700-45DB6FCFC1CD}.Release|Any CPU.ActiveCfg = Release|Any CPU
		{2FA41182-425A-4B62-8700-45DB6FCFC1CD}.Release|Any CPU.Build.0 = Release|Any CPU
		{50667980-4C95-454F-A12F-B15A048A47C2}.Debug|Any CPU.ActiveCfg = Debug|Any CPU
		{50667980-4C95-454F-A12F-B15A048A47C2}.Debug|Any CPU.Build.0 = Debug|Any CPU
		{50667980-4C95-454F-A12F-B15A048A47C2}.Release|Any CPU.ActiveCfg = Release|Any CPU
		{50667980-4C95-454F-A12F-B15A048A47C2}.Release|Any CPU.Build.0 = Release|Any CPU
		{CCFBC508-16A4-460C-83EA-0FD5F58AD0D4}.Debug|Any CPU.ActiveCfg = Debug|Any CPU
		{CCFBC508-16A4-460C-83EA-0FD5F58AD0D4}.Debug|Any CPU.Build.0 = Debug|Any CPU
		{CCFBC508-16A4-460C-83EA-0FD5F58AD0D4}.Release|Any CPU.ActiveCfg = Release|Any CPU
		{CCFBC508-16A4-460C-83EA-0FD5F58AD0D4}.Release|Any CPU.Build.0 = Release|Any CPU
		{2BBAE546-8122-401F-B72D-16C512C97C75}.Debug|Any CPU.ActiveCfg = Debug|Any CPU
		{2BBAE546-8122-401F-B72D-16C512C97C75}.Debug|Any CPU.Build.0 = Debug|Any CPU
		{2BBAE546-8122-401F-B72D-16C512C97C75}.Release|Any CPU.ActiveCfg = Release|Any CPU
		{2BBAE546-8122-401F-B72D-16C512C97C75}.Release|Any CPU.Build.0 = Release|Any CPU
	EndGlobalSection
	GlobalSection(SolutionProperties) = preSolution
		HideSolutionNode = FALSE
	EndGlobalSection
	GlobalSection(ExtensibilityGlobals) = postSolution
		SolutionGuid = {BA7EA397-F46E-43E7-A893-0199FF9647E8}
	EndGlobalSection
EndGlobal
